
Microsoft Visual Studio Solution File, Format Version 12.00
# Visual Studio 15
Project("{FAE04EC0-301F-11D3-BF4B-00C04F79EFBC}") = "Assembly-CSharp", "Assembly-CSharp.csproj", "{0F007E79-2B5F-5FE0-7DA5-7B5C3539F9F8}"
EndProject
Project("{FAE04EC0-301F-11D3-BF4B-00C04F79EFBC}") = "Assembly-CSharp-firstpass", "Assembly-CSharp-firstpass.csproj", "{500991AF-A28D-D13F-4958-924D36A9B0BB}"
EndProject
Project("{FAE04EC0-301F-11D3-BF4B-00C04F79EFBC}") = "Assembly-CSharp-Editor", "Assembly-CSharp-Editor.csproj", "{8341B4D5-DF5A-FF70-1DCA-66E5CC0547C4}"
EndProject
Project("{FAE04EC0-301F-11D3-BF4B-00C04F79EFBC}") = "Assembly-CSharp-Editor-firstpass", "Assembly-CSharp-Editor-firstpass.csproj", "{7EB23BC7-4269-D46D-E7A4-658C35FE3880}"
EndProject
Global
	GlobalSection(SolutionConfigurationPlatforms) = preSolution
		Debug|Any CPU = Debug|Any CPU
		Release|Any CPU = Release|Any CPU
	EndGlobalSection
	GlobalSection(ProjectConfigurationPlatforms) = postSolution
		{0F007E79-2B5F-5FE0-7DA5-7B5C3539F9F8}.Debug|Any CPU.ActiveCfg = Debug|Any CPU
		{0F007E79-2B5F-5FE0-7DA5-7B5C3539F9F8}.Debug|Any CPU.Build.0 = Debug|Any CPU
		{0F007E79-2B5F-5FE0-7DA5-7B5C3539F9F8}.Release|Any CPU.ActiveCfg = Release|Any CPU
		{0F007E79-2B5F-5FE0-7DA5-7B5C3539F9F8}.Release|Any CPU.Build.0 = Release|Any CPU
		{500991AF-A28D-D13F-4958-924D36A9B0BB}.Debug|Any CPU.ActiveCfg = Debug|Any CPU
		{500991AF-A28D-D13F-4958-924D36A9B0BB}.Debug|Any CPU.Build.0 = Debug|Any CPU
		{500991AF-A28D-D13F-4958-924D36A9B0BB}.Release|Any CPU.ActiveCfg = Release|Any CPU
		{500991AF-A28D-D13F-4958-924D36A9B0BB}.Release|Any CPU.Build.0 = Release|Any CPU
		{8341B4D5-DF5A-FF70-1DCA-66E5CC0547C4}.Debug|Any CPU.ActiveCfg = Debug|Any CPU
		{8341B4D5-DF5A-FF70-1DCA-66E5CC0547C4}.Debug|Any CPU.Build.0 = Debug|Any CPU
		{8341B4D5-DF5A-FF70-1DCA-66E5CC0547C4}.Release|Any CPU.ActiveCfg = Release|Any CPU
		{8341B4D5-DF5A-FF70-1DCA-66E5CC0547C4}.Release|Any CPU.Build.0 = Release|Any CPU
		{7EB23BC7-4269-D46D-E7A4-658C35FE3880}.Debug|Any CPU.ActiveCfg = Debug|Any CPU
		{7EB23BC7-4269-D46D-E7A4-658C35FE3880}.Debug|Any CPU.Build.0 = Debug|Any CPU
		{7EB23BC7-4269-D46D-E7A4-658C35FE3880}.Release|Any CPU.ActiveCfg = Release|Any CPU
		{7EB23BC7-4269-D46D-E7A4-658C35FE3880}.Release|Any CPU.Build.0 = Release|Any CPU
	EndGlobalSection
	GlobalSection(SolutionProperties) = preSolution
		HideSolutionNode = FALSE
	EndGlobalSection
EndGlobal
